
Microsoft Visual Studio Solution File, Format Version 12.00
# Visual Studio Version 17
VisualStudioVersion = 17.4.33122.133
MinimumVisualStudioVersion = 10.0.40219.1
Project("{FAE04EC0-301F-11D3-BF4B-00C04F79EFBC}") = "Business_Layer", "Business_Layer\Business_Layer.csproj", "{B88F8AAC-04DF-4063-9623-B2FD8F5FD3AC}"
EndProject
Project("{2150E333-8FDC-42A3-9474-1A3956D46DE8}") = "Tests", "Tests", "{B0CF6205-1D97-4B9D-84E8-132DB1BA52EA}"
EndProject
Project("{FAE04EC0-301F-11D3-BF4B-00C04F79EFBC}") = "Test1_BusinessLayer", "Test1_BusinessLayer\Test1_BusinessLayer.csproj", "{5B27620E-B211-4192-B7E5-2613A2297F78}"
EndProject
Global
	GlobalSection(SolutionConfigurationPlatforms) = preSolution
		Debug|Any CPU = Debug|Any CPU
		Release|Any CPU = Release|Any CPU
	EndGlobalSection
	GlobalSection(ProjectConfigurationPlatforms) = postSolution
		{B88F8AAC-04DF-4063-9623-B2FD8F5FD3AC}.Debug|Any CPU.ActiveCfg = Debug|Any CPU
		{B88F8AAC-04DF-4063-9623-B2FD8F5FD3AC}.Debug|Any CPU.Build.0 = Debug|Any CPU
		{B88F8AAC-04DF-4063-9623-B2FD8F5FD3AC}.Release|Any CPU.ActiveCfg = Release|Any CPU
		{B88F8AAC-04DF-4063-9623-B2FD8F5FD3AC}.Release|Any CPU.Build.0 = Release|Any CPU
		{5B27620E-B211-4192-B7E5-2613A2297F78}.Debug|Any CPU.ActiveCfg = Debug|Any CPU
		{5B27620E-B211-4192-B7E5-2613A2297F78}.Debug|Any CPU.Build.0 = Debug|Any CPU
		{5B27620E-B211-4192-B7E5-2613A2297F78}.Release|Any CPU.ActiveCfg = Release|Any CPU
		{5B27620E-B211-4192-B7E5-2613A2297F78}.Release|Any CPU.Build.0 = Release|Any CPU
	EndGlobalSection
	GlobalSection(SolutionProperties) = preSolution
		HideSolutionNode = FALSE
	EndGlobalSection
	GlobalSection(NestedProjects) = preSolution
		{5B27620E-B211-4192-B7E5-2613A2297F78} = {B0CF6205-1D97-4B9D-84E8-132DB1BA52EA}
	EndGlobalSection
	GlobalSection(ExtensibilityGlobals) = postSolution
		SolutionGuid = {65A36144-E9B7-4BC7-BB5A-980ADA5E25E7}
	EndGlobalSection
EndGlobal
